
Microsoft Visual Studio Solution File, Format Version 12.00
# Visual Studio Version 16
VisualStudioVersion = 16.0.29519.87
MinimumVisualStudioVersion = 10.0.40219.1
Project("{FAE04EC0-301F-11D3-BF4B-00C04F79EFBC}") = "Sem2Lab1", "Sem2Lab1\Sem2Lab1.csproj", "{C1120DA3-F1F9-4395-B27F-B8EE73BE98D8}"
EndProject
Global
	GlobalSection(SolutionConfigurationPlatforms) = preSolution
		Debug|Any CPU = Debug|Any CPU
		Release|Any CPU = Release|Any CPU
	EndGlobalSection
	GlobalSection(ProjectConfigurationPlatforms) = postSolution
		{C1120DA3-F1F9-4395-B27F-B8EE73BE98D8}.Debug|Any CPU.ActiveCfg = Debug|Any CPU
		{C1120DA3-F1F9-4395-B27F-B8EE73BE98D8}.Debug|Any CPU.Build.0 = Debug|Any CPU
		{C1120DA3-F1F9-4395-B27F-B8EE73BE98D8}.Release|Any CPU.ActiveCfg = Release|Any CPU
		{C1120DA3-F1F9-4395-B27F-B8EE73BE98D8}.Release|Any CPU.Build.0 = Release|Any CPU
	EndGlobalSection
	GlobalSection(SolutionProperties) = preSolution
		HideSolutionNode = FALSE
	EndGlobalSection
	GlobalSection(ExtensibilityGlobals) = postSolution
		SolutionGuid = {1206F7D1-E95F-4352-A419-1C0EF9BD40F8}
	EndGlobalSection
EndGlobal
